
Microsoft Visual Studio Solution File, Format Version 12.00
# Visual Studio Version 16
VisualStudioVersion = 16.0.31019.35
MinimumVisualStudioVersion = 10.0.40219.1
Project("{FAE04EC0-301F-11D3-BF4B-00C04F79EFBC}") = "3LineCardMgtLimited", "3LineCardMgtLimited.csproj", "{4529AC2A-9EA0-4479-997F-D39A0C4183B5}"
EndProject
Project("{FAE04EC0-301F-11D3-BF4B-00C04F79EFBC}") = "3LineCardMgtLimited.Tests", "..\3LineCardMgtLimited.Tests\3LineCardMgtLimited.Tests.csproj", "{5669CE43-CB98-4D20-8955-54715E1235DC}"
EndProject
Global
	GlobalSection(SolutionConfigurationPlatforms) = preSolution
		Debug|Any CPU = Debug|Any CPU
		Release|Any CPU = Release|Any CPU
	EndGlobalSection
	GlobalSection(ProjectConfigurationPlatforms) = postSolution
		{4529AC2A-9EA0-4479-997F-D39A0C4183B5}.Debug|Any CPU.ActiveCfg = Debug|Any CPU
		{4529AC2A-9EA0-4479-997F-D39A0C4183B5}.Debug|Any CPU.Build.0 = Debug|Any CPU
		{4529AC2A-9EA0-4479-997F-D39A0C4183B5}.Release|Any CPU.ActiveCfg = Release|Any CPU
		{4529AC2A-9EA0-4479-997F-D39A0C4183B5}.Release|Any CPU.Build.0 = Release|Any CPU
		{5669CE43-CB98-4D20-8955-54715E1235DC}.Debug|Any CPU.ActiveCfg = Debug|Any CPU
		{5669CE43-CB98-4D20-8955-54715E1235DC}.Debug|Any CPU.Build.0 = Debug|Any CPU
		{5669CE43-CB98-4D20-8955-54715E1235DC}.Release|Any CPU.ActiveCfg = Release|Any CPU
		{5669CE43-CB98-4D20-8955-54715E1235DC}.Release|Any CPU.Build.0 = Release|Any CPU
	EndGlobalSection
	GlobalSection(SolutionProperties) = preSolution
		HideSolutionNode = FALSE
	EndGlobalSection
	GlobalSection(ExtensibilityGlobals) = postSolution
		SolutionGuid = {BEA10ADB-67B6-4797-BC61-39ADFFFAF8A0}
	EndGlobalSection
EndGlobal
